// !$*UTF8*$!
{
	archiveVersion = 1;
	classes = {
	};
	objectVersion = 56;
	objects = {

/* Begin PBXBuildFile section */
		542A02252C1B534B00F8BE47 /* AppDelegate.swift in Sources */ = {isa = PBXBuildFile; fileRef = 542A02242C1B534B00F8BE47 /* AppDelegate.swift */; };
		542A02272C1B534B00F8BE47 /* SceneDelegate.swift in Sources */ = {isa = PBXBuildFile; fileRef = 542A02262C1B534B00F8BE47 /* SceneDelegate.swift */; };
		542A02292C1B534B00F8BE47 /* OnboardingViewController.swift in Sources */ = {isa = PBXBuildFile; fileRef = 542A02282C1B534B00F8BE47 /* OnboardingViewController.swift */; };
		542A022E2C1B534C00F8BE47 /* Assets.xcassets in Resources */ = {isa = PBXBuildFile; fileRef = 542A022D2C1B534C00F8BE47 /* Assets.xcassets */; };
		542A02312C1B534C00F8BE47 /* Base in Resources */ = {isa = PBXBuildFile; fileRef = 542A02302C1B534C00F8BE47 /* Base */; };
		542A02392C1B535F00F8BE47 /* .gitignore in Resources */ = {isa = PBXBuildFile; fileRef = 542A02382C1B535F00F8BE47 /* .gitignore */; };
		542A023B2C1B538300F8BE47 /* APIKey.swift in Sources */ = {isa = PBXBuildFile; fileRef = 542A023A2C1B538300F8BE47 /* APIKey.swift */; };
		542A023E2C1B55CB00F8BE47 /* BaseViewController.swift in Sources */ = {isa = PBXBuildFile; fileRef = 542A023D2C1B55CB00F8BE47 /* BaseViewController.swift */; };
		542A02412C1B564D00F8BE47 /* CodeBasable.swift in Sources */ = {isa = PBXBuildFile; fileRef = 542A02402C1B564D00F8BE47 /* CodeBasable.swift */; };
		542A02442C1B58FE00F8BE47 /* Kingfisher in Frameworks */ = {isa = PBXBuildFile; productRef = 542A02432C1B58FE00F8BE47 /* Kingfisher */; };
		542A02472C1B590500F8BE47 /* Alamofire in Frameworks */ = {isa = PBXBuildFile; productRef = 542A02462C1B590500F8BE47 /* Alamofire */; };
		542A024A2C1B590D00F8BE47 /* SnapKit in Frameworks */ = {isa = PBXBuildFile; productRef = 542A02492C1B590D00F8BE47 /* SnapKit */; };
		542A024E2C1B5B2200F8BE47 /* UIColor+Extension.swift in Sources */ = {isa = PBXBuildFile; fileRef = 542A024D2C1B5B2200F8BE47 /* UIColor+Extension.swift */; };
		542A02502C1B5B7F00F8BE47 /* Constant.swift in Sources */ = {isa = PBXBuildFile; fileRef = 542A024F2C1B5B7F00F8BE47 /* Constant.swift */; };
		542A02522C1B5CFB00F8BE47 /* OrangeButton.swift in Sources */ = {isa = PBXBuildFile; fileRef = 542A02512C1B5CFB00F8BE47 /* OrangeButton.swift */; };
		542A02552C1B646100F8BE47 /* ProfileViewController.swift in Sources */ = {isa = PBXBuildFile; fileRef = 542A02542C1B646100F8BE47 /* ProfileViewController.swift */; };
		542A02572C1B69A100F8BE47 /* UIView+Extension.swift in Sources */ = {isa = PBXBuildFile; fileRef = 542A02562C1B69A100F8BE47 /* UIView+Extension.swift */; };
		542A02592C1C15B400F8BE47 /* ProfileImageViewController.swift in Sources */ = {isa = PBXBuildFile; fileRef = 542A02582C1C15B400F8BE47 /* ProfileImageViewController.swift */; };
		542A025B2C1C1A5400F8BE47 /* ProfileImageCollectionViewCell.swift in Sources */ = {isa = PBXBuildFile; fileRef = 542A025A2C1C1A5400F8BE47 /* ProfileImageCollectionViewCell.swift */; };
		542A025D2C1C3BBF00F8BE47 /* TabBarController.swift in Sources */ = {isa = PBXBuildFile; fileRef = 542A025C2C1C3BBF00F8BE47 /* TabBarController.swift */; };
		542A025F2C1C3DE600F8BE47 /* MainViewController.swift in Sources */ = {isa = PBXBuildFile; fileRef = 542A025E2C1C3DE600F8BE47 /* MainViewController.swift */; };
		542A02612C1C4AF700F8BE47 /* SettingViewController.swift in Sources */ = {isa = PBXBuildFile; fileRef = 542A02602C1C4AF700F8BE47 /* SettingViewController.swift */; };
		542A02632C1C4BF100F8BE47 /* Reusable.swift in Sources */ = {isa = PBXBuildFile; fileRef = 542A02622C1C4BF100F8BE47 /* Reusable.swift */; };
		542A02652C1C4C1E00F8BE47 /* UICollectionViewCell+Extension.swift in Sources */ = {isa = PBXBuildFile; fileRef = 542A02642C1C4C1E00F8BE47 /* UICollectionViewCell+Extension.swift */; };
		542A02682C1C56AC00F8BE47 /* ProfileCell.swift in Sources */ = {isa = PBXBuildFile; fileRef = 542A02672C1C56AC00F8BE47 /* ProfileCell.swift */; };
		542A026A2C1C581500F8BE47 /* UITableViewCell+Extension.swift in Sources */ = {isa = PBXBuildFile; fileRef = 542A02692C1C581500F8BE47 /* UITableViewCell+Extension.swift */; };
		542A026C2C1C5CF700F8BE47 /* SettingCell.swift in Sources */ = {isa = PBXBuildFile; fileRef = 542A026B2C1C5CF700F8BE47 /* SettingCell.swift */; };
		542A026E2C1C60D600F8BE47 /* Date+Extension.swift in Sources */ = {isa = PBXBuildFile; fileRef = 542A026D2C1C60D600F8BE47 /* Date+Extension.swift */; };
		542A02712C1D5DF800F8BE47 /* SearchCell.swift in Sources */ = {isa = PBXBuildFile; fileRef = 542A02702C1D5DF800F8BE47 /* SearchCell.swift */; };
		542A02732C1D639D00F8BE47 /* SearchResultViewController.swift in Sources */ = {isa = PBXBuildFile; fileRef = 542A02722C1D639D00F8BE47 /* SearchResultViewController.swift */; };
		542A02762C1D640E00F8BE47 /* ProfileImage.swift in Sources */ = {isa = PBXBuildFile; fileRef = 542A02752C1D640E00F8BE47 /* ProfileImage.swift */; };
		542A02782C1D641A00F8BE47 /* User.swift in Sources */ = {isa = PBXBuildFile; fileRef = 542A02772C1D641A00F8BE47 /* User.swift */; };
		542A027A2C1D680100F8BE47 /* Shopping.swift in Sources */ = {isa = PBXBuildFile; fileRef = 542A02792C1D680100F8BE47 /* Shopping.swift */; };
		542A027C2C1D724500F8BE47 /* SearchResultCollectionViewCell.swift in Sources */ = {isa = PBXBuildFile; fileRef = 542A027B2C1D724500F8BE47 /* SearchResultCollectionViewCell.swift */; };
/* End PBXBuildFile section */

/* Begin PBXFileReference section */
		542A02212C1B534B00F8BE47 /* MeaningOut.app */ = {isa = PBXFileReference; explicitFileType = wrapper.application; includeInIndex = 0; path = MeaningOut.app; sourceTree = BUILT_PRODUCTS_DIR; };
		542A02242C1B534B00F8BE47 /* AppDelegate.swift */ = {isa = PBXFileReference; lastKnownFileType = sourcecode.swift; path = AppDelegate.swift; sourceTree = "<group>"; };
		542A02262C1B534B00F8BE47 /* SceneDelegate.swift */ = {isa = PBXFileReference; lastKnownFileType = sourcecode.swift; path = SceneDelegate.swift; sourceTree = "<group>"; };
		542A02282C1B534B00F8BE47 /* OnboardingViewController.swift */ = {isa = PBXFileReference; lastKnownFileType = sourcecode.swift; path = OnboardingViewController.swift; sourceTree = "<group>"; };
		542A022D2C1B534C00F8BE47 /* Assets.xcassets */ = {isa = PBXFileReference; lastKnownFileType = folder.assetcatalog; path = Assets.xcassets; sourceTree = "<group>"; };
		542A02302C1B534C00F8BE47 /* Base */ = {isa = PBXFileReference; lastKnownFileType = file.storyboard; name = Base; path = Base.lproj/LaunchScreen.storyboard; sourceTree = "<group>"; };
		542A02322C1B534C00F8BE47 /* Info.plist */ = {isa = PBXFileReference; lastKnownFileType = text.plist.xml; path = Info.plist; sourceTree = "<group>"; };
		542A02382C1B535F00F8BE47 /* .gitignore */ = {isa = PBXFileReference; lastKnownFileType = text; path = .gitignore; sourceTree = "<group>"; };
		542A023A2C1B538300F8BE47 /* APIKey.swift */ = {isa = PBXFileReference; lastKnownFileType = sourcecode.swift; path = APIKey.swift; sourceTree = "<group>"; };
		542A023D2C1B55CB00F8BE47 /* BaseViewController.swift */ = {isa = PBXFileReference; lastKnownFileType = sourcecode.swift; path = BaseViewController.swift; sourceTree = "<group>"; };
		542A02402C1B564D00F8BE47 /* CodeBasable.swift */ = {isa = PBXFileReference; lastKnownFileType = sourcecode.swift; path = CodeBasable.swift; sourceTree = "<group>"; };
		542A024D2C1B5B2200F8BE47 /* UIColor+Extension.swift */ = {isa = PBXFileReference; lastKnownFileType = sourcecode.swift; path = "UIColor+Extension.swift"; sourceTree = "<group>"; };
		542A024F2C1B5B7F00F8BE47 /* Constant.swift */ = {isa = PBXFileReference; lastKnownFileType = sourcecode.swift; path = Constant.swift; sourceTree = "<group>"; };
		542A02512C1B5CFB00F8BE47 /* OrangeButton.swift */ = {isa = PBXFileReference; lastKnownFileType = sourcecode.swift; path = OrangeButton.swift; sourceTree = "<group>"; };
		542A02542C1B646100F8BE47 /* ProfileViewController.swift */ = {isa = PBXFileReference; lastKnownFileType = sourcecode.swift; path = ProfileViewController.swift; sourceTree = "<group>"; };
		542A02562C1B69A100F8BE47 /* UIView+Extension.swift */ = {isa = PBXFileReference; lastKnownFileType = sourcecode.swift; path = "UIView+Extension.swift"; sourceTree = "<group>"; };
		542A02582C1C15B400F8BE47 /* ProfileImageViewController.swift */ = {isa = PBXFileReference; lastKnownFileType = sourcecode.swift; path = ProfileImageViewController.swift; sourceTree = "<group>"; };
		542A025A2C1C1A5400F8BE47 /* ProfileImageCollectionViewCell.swift */ = {isa = PBXFileReference; lastKnownFileType = sourcecode.swift; path = ProfileImageCollectionViewCell.swift; sourceTree = "<group>"; };
		542A025C2C1C3BBF00F8BE47 /* TabBarController.swift */ = {isa = PBXFileReference; lastKnownFileType = sourcecode.swift; path = TabBarController.swift; sourceTree = "<group>"; };
		542A025E2C1C3DE600F8BE47 /* MainViewController.swift */ = {isa = PBXFileReference; lastKnownFileType = sourcecode.swift; path = MainViewController.swift; sourceTree = "<group>"; };
		542A02602C1C4AF700F8BE47 /* SettingViewController.swift */ = {isa = PBXFileReference; lastKnownFileType = sourcecode.swift; path = SettingViewController.swift; sourceTree = "<group>"; };
		542A02622C1C4BF100F8BE47 /* Reusable.swift */ = {isa = PBXFileReference; lastKnownFileType = sourcecode.swift; path = Reusable.swift; sourceTree = "<group>"; };
		542A02642C1C4C1E00F8BE47 /* UICollectionViewCell+Extension.swift */ = {isa = PBXFileReference; lastKnownFileType = sourcecode.swift; path = "UICollectionViewCell+Extension.swift"; sourceTree = "<group>"; };
		542A02672C1C56AC00F8BE47 /* ProfileCell.swift */ = {isa = PBXFileReference; lastKnownFileType = sourcecode.swift; path = ProfileCell.swift; sourceTree = "<group>"; };
		542A02692C1C581500F8BE47 /* UITableViewCell+Extension.swift */ = {isa = PBXFileReference; lastKnownFileType = sourcecode.swift; path = "UITableViewCell+Extension.swift"; sourceTree = "<group>"; };
		542A026B2C1C5CF700F8BE47 /* SettingCell.swift */ = {isa = PBXFileReference; lastKnownFileType = sourcecode.swift; path = SettingCell.swift; sourceTree = "<group>"; };
		542A026D2C1C60D600F8BE47 /* Date+Extension.swift */ = {isa = PBXFileReference; lastKnownFileType = sourcecode.swift; path = "Date+Extension.swift"; sourceTree = "<group>"; };
		542A02702C1D5DF800F8BE47 /* SearchCell.swift */ = {isa = PBXFileReference; lastKnownFileType = sourcecode.swift; path = SearchCell.swift; sourceTree = "<group>"; };
		542A02722C1D639D00F8BE47 /* SearchResultViewController.swift */ = {isa = PBXFileReference; lastKnownFileType = sourcecode.swift; path = SearchResultViewController.swift; sourceTree = "<group>"; };
		542A02752C1D640E00F8BE47 /* ProfileImage.swift */ = {isa = PBXFileReference; lastKnownFileType = sourcecode.swift; path = ProfileImage.swift; sourceTree = "<group>"; };
		542A02772C1D641A00F8BE47 /* User.swift */ = {isa = PBXFileReference; lastKnownFileType = sourcecode.swift; path = User.swift; sourceTree = "<group>"; };
		542A02792C1D680100F8BE47 /* Shopping.swift */ = {isa = PBXFileReference; lastKnownFileType = sourcecode.swift; path = Shopping.swift; sourceTree = "<group>"; };
		542A027B2C1D724500F8BE47 /* SearchResultCollectionViewCell.swift */ = {isa = PBXFileReference; lastKnownFileType = sourcecode.swift; path = SearchResultCollectionViewCell.swift; sourceTree = "<group>"; };
/* End PBXFileReference section */

/* Begin PBXFrameworksBuildPhase section */
		542A021E2C1B534B00F8BE47 /* Frameworks */ = {
			isa = PBXFrameworksBuildPhase;
			buildActionMask = 2147483647;
			files = (
				542A024A2C1B590D00F8BE47 /* SnapKit in Frameworks */,
				542A02442C1B58FE00F8BE47 /* Kingfisher in Frameworks */,
				542A02472C1B590500F8BE47 /* Alamofire in Frameworks */,
			);
			runOnlyForDeploymentPostprocessing = 0;
		};
/* End PBXFrameworksBuildPhase section */

/* Begin PBXGroup section */
		542A02182C1B534A00F8BE47 = {
			isa = PBXGroup;
			children = (
				542A02382C1B535F00F8BE47 /* .gitignore */,
				542A02232C1B534B00F8BE47 /* MeaningOut */,
				542A02222C1B534B00F8BE47 /* Products */,
			);
			sourceTree = "<group>";
		};
		542A02222C1B534B00F8BE47 /* Products */ = {
			isa = PBXGroup;
			children = (
				542A02212C1B534B00F8BE47 /* MeaningOut.app */,
			);
			name = Products;
			sourceTree = "<group>";
		};
		542A02232C1B534B00F8BE47 /* MeaningOut */ = {
			isa = PBXGroup;
			children = (
				542A02532C1B630700F8BE47 /* Resource */,
				542A02742C1D63FE00F8BE47 /* Struct */,
				542A024C2C1B5B1400F8BE47 /* Extension */,
				542A024B2C1B5B0C00F8BE47 /* Enum */,
				542A023F2C1B562B00F8BE47 /* Protocol */,
				542A023C2C1B55C100F8BE47 /* CustomView */,
				542A02282C1B534B00F8BE47 /* OnboardingViewController.swift */,
				542A02542C1B646100F8BE47 /* ProfileViewController.swift */,
				542A02582C1C15B400F8BE47 /* ProfileImageViewController.swift */,
				542A025A2C1C1A5400F8BE47 /* ProfileImageCollectionViewCell.swift */,
				542A026F2C1D5DDF00F8BE47 /* MainView */,
				542A02662C1C569100F8BE47 /* SettingView */,
				542A02722C1D639D00F8BE47 /* SearchResultViewController.swift */,
				542A027B2C1D724500F8BE47 /* SearchResultCollectionViewCell.swift */,
				542A022D2C1B534C00F8BE47 /* Assets.xcassets */,
				542A02322C1B534C00F8BE47 /* Info.plist */,
				542A023A2C1B538300F8BE47 /* APIKey.swift */,
			);
			path = MeaningOut;
			sourceTree = "<group>";
		};
		542A023C2C1B55C100F8BE47 /* CustomView */ = {
			isa = PBXGroup;
			children = (
				542A023D2C1B55CB00F8BE47 /* BaseViewController.swift */,
				542A02512C1B5CFB00F8BE47 /* OrangeButton.swift */,
				542A025C2C1C3BBF00F8BE47 /* TabBarController.swift */,
			);
			path = CustomView;
			sourceTree = "<group>";
		};
		542A023F2C1B562B00F8BE47 /* Protocol */ = {
			isa = PBXGroup;
			children = (
				542A02402C1B564D00F8BE47 /* CodeBasable.swift */,
				542A02622C1C4BF100F8BE47 /* Reusable.swift */,
			);
			path = Protocol;
			sourceTree = "<group>";
		};
		542A024B2C1B5B0C00F8BE47 /* Enum */ = {
			isa = PBXGroup;
			children = (
				542A024F2C1B5B7F00F8BE47 /* Constant.swift */,
			);
			path = Enum;
			sourceTree = "<group>";
		};
		542A024C2C1B5B1400F8BE47 /* Extension */ = {
			isa = PBXGroup;
			children = (
				542A024D2C1B5B2200F8BE47 /* UIColor+Extension.swift */,
				542A02562C1B69A100F8BE47 /* UIView+Extension.swift */,
				542A02642C1C4C1E00F8BE47 /* UICollectionViewCell+Extension.swift */,
				542A02692C1C581500F8BE47 /* UITableViewCell+Extension.swift */,
				542A026D2C1C60D600F8BE47 /* Date+Extension.swift */,
			);
			path = Extension;
			sourceTree = "<group>";
		};
		542A02532C1B630700F8BE47 /* Resource */ = {
			isa = PBXGroup;
			children = (
				542A022F2C1B534C00F8BE47 /* LaunchScreen.storyboard */,
				542A02242C1B534B00F8BE47 /* AppDelegate.swift */,
				542A02262C1B534B00F8BE47 /* SceneDelegate.swift */,
			);
			path = Resource;
			sourceTree = "<group>";
		};
		542A02662C1C569100F8BE47 /* SettingView */ = {
			isa = PBXGroup;
			children = (
				542A02602C1C4AF700F8BE47 /* SettingViewController.swift */,
				542A02672C1C56AC00F8BE47 /* ProfileCell.swift */,
				542A026B2C1C5CF700F8BE47 /* SettingCell.swift */,
			);
			path = SettingView;
			sourceTree = "<group>";
		};
		542A026F2C1D5DDF00F8BE47 /* MainView */ = {
			isa = PBXGroup;
			children = (
				542A025E2C1C3DE600F8BE47 /* MainViewController.swift */,
				542A02702C1D5DF800F8BE47 /* SearchCell.swift */,
			);
			path = MainView;
			sourceTree = "<group>";
		};
		542A02742C1D63FE00F8BE47 /* Struct */ = {
			isa = PBXGroup;
			children = (
				542A02752C1D640E00F8BE47 /* ProfileImage.swift */,
				542A02772C1D641A00F8BE47 /* User.swift */,
				542A02792C1D680100F8BE47 /* Shopping.swift */,
			);
			path = Struct;
			sourceTree = "<group>";
		};
/* End PBXGroup section */

/* Begin PBXNativeTarget section */
		542A02202C1B534B00F8BE47 /* MeaningOut */ = {
			isa = PBXNativeTarget;
			buildConfigurationList = 542A02352C1B534C00F8BE47 /* Build configuration list for PBXNativeTarget "MeaningOut" */;
			buildPhases = (
				542A021D2C1B534B00F8BE47 /* Sources */,
				542A021E2C1B534B00F8BE47 /* Frameworks */,
				542A021F2C1B534B00F8BE47 /* Resources */,
			);
			buildRules = (
			);
			dependencies = (
			);
			name = MeaningOut;
			packageProductDependencies = (
				542A02432C1B58FE00F8BE47 /* Kingfisher */,
				542A02462C1B590500F8BE47 /* Alamofire */,
				542A02492C1B590D00F8BE47 /* SnapKit */,
			);
			productName = MeaningOut;
			productReference = 542A02212C1B534B00F8BE47 /* MeaningOut.app */;
			productType = "com.apple.product-type.application";
		};
/* End PBXNativeTarget section */

/* Begin PBXProject section */
		542A02192C1B534A00F8BE47 /* Project object */ = {
			isa = PBXProject;
			attributes = {
				BuildIndependentTargetsInParallel = 1;
				LastSwiftUpdateCheck = 1530;
				LastUpgradeCheck = 1530;
				TargetAttributes = {
					542A02202C1B534B00F8BE47 = {
						CreatedOnToolsVersion = 15.3;
					};
				};
			};
			buildConfigurationList = 542A021C2C1B534A00F8BE47 /* Build configuration list for PBXProject "MeaningOut" */;
			compatibilityVersion = "Xcode 14.0";
			developmentRegion = en;
			hasScannedForEncodings = 0;
			knownRegions = (
				en,
				Base,
			);
			mainGroup = 542A02182C1B534A00F8BE47;
			packageReferences = (
				542A02422C1B58FE00F8BE47 /* XCRemoteSwiftPackageReference "Kingfisher" */,
				542A02452C1B590500F8BE47 /* XCRemoteSwiftPackageReference "Alamofire" */,
				542A02482C1B590D00F8BE47 /* XCRemoteSwiftPackageReference "SnapKit" */,
			);
			productRefGroup = 542A02222C1B534B00F8BE47 /* Products */;
			projectDirPath = "";
			projectRoot = "";
			targets = (
				542A02202C1B534B00F8BE47 /* MeaningOut */,
			);
		};
/* End PBXProject section */

/* Begin PBXResourcesBuildPhase section */
		542A021F2C1B534B00F8BE47 /* Resources */ = {
			isa = PBXResourcesBuildPhase;
			buildActionMask = 2147483647;
			files = (
				542A02392C1B535F00F8BE47 /* .gitignore in Resources */,
				542A022E2C1B534C00F8BE47 /* Assets.xcassets in Resources */,
				542A02312C1B534C00F8BE47 /* Base in Resources */,
			);
			runOnlyForDeploymentPostprocessing = 0;
		};
/* End PBXResourcesBuildPhase section */

/* Begin PBXSourcesBuildPhase section */
		542A021D2C1B534B00F8BE47 /* Sources */ = {
			isa = PBXSourcesBuildPhase;
			buildActionMask = 2147483647;
			files = (
				542A02782C1D641A00F8BE47 /* User.swift in Sources */,
				542A027A2C1D680100F8BE47 /* Shopping.swift in Sources */,
				542A02632C1C4BF100F8BE47 /* Reusable.swift in Sources */,
				542A026E2C1C60D600F8BE47 /* Date+Extension.swift in Sources */,
				542A02592C1C15B400F8BE47 /* ProfileImageViewController.swift in Sources */,
				542A02572C1B69A100F8BE47 /* UIView+Extension.swift in Sources */,
				542A024E2C1B5B2200F8BE47 /* UIColor+Extension.swift in Sources */,
				542A02612C1C4AF700F8BE47 /* SettingViewController.swift in Sources */,
				542A02522C1B5CFB00F8BE47 /* OrangeButton.swift in Sources */,
				542A023E2C1B55CB00F8BE47 /* BaseViewController.swift in Sources */,
				542A02762C1D640E00F8BE47 /* ProfileImage.swift in Sources */,
				542A027C2C1D724500F8BE47 /* SearchResultCollectionViewCell.swift in Sources */,
				542A02292C1B534B00F8BE47 /* OnboardingViewController.swift in Sources */,
				542A02652C1C4C1E00F8BE47 /* UICollectionViewCell+Extension.swift in Sources */,
				542A02502C1B5B7F00F8BE47 /* Constant.swift in Sources */,
				542A02252C1B534B00F8BE47 /* AppDelegate.swift in Sources */,
				542A026C2C1C5CF700F8BE47 /* SettingCell.swift in Sources */,
				542A026A2C1C581500F8BE47 /* UITableViewCell+Extension.swift in Sources */,
				542A023B2C1B538300F8BE47 /* APIKey.swift in Sources */,
				542A025F2C1C3DE600F8BE47 /* MainViewController.swift in Sources */,
				542A025B2C1C1A5400F8BE47 /* ProfileImageCollectionViewCell.swift in Sources */,
				542A02552C1B646100F8BE47 /* ProfileViewController.swift in Sources */,
				542A02682C1C56AC00F8BE47 /* ProfileCell.swift in Sources */,
				542A025D2C1C3BBF00F8BE47 /* TabBarController.swift in Sources */,
				542A02272C1B534B00F8BE47 /* SceneDelegate.swift in Sources */,
				542A02412C1B564D00F8BE47 /* CodeBasable.swift in Sources */,
				542A02732C1D639D00F8BE47 /* SearchResultViewController.swift in Sources */,
				542A02712C1D5DF800F8BE47 /* SearchCell.swift in Sources */,
			);
			runOnlyForDeploymentPostprocessing = 0;
		};
/* End PBXSourcesBuildPhase section */

/* Begin PBXVariantGroup section */
		542A022F2C1B534C00F8BE47 /* LaunchScreen.storyboard */ = {
			isa = PBXVariantGroup;
			children = (
				542A02302C1B534C00F8BE47 /* Base */,
			);
			name = LaunchScreen.storyboard;
			sourceTree = "<group>";
		};
/* End PBXVariantGroup section */

/* Begin XCBuildConfiguration section */
		542A02332C1B534C00F8BE47 /* Debug */ = {
			isa = XCBuildConfiguration;
			buildSettings = {
				ALWAYS_SEARCH_USER_PATHS = NO;
				ASSETCATALOG_COMPILER_GENERATE_SWIFT_ASSET_SYMBOL_EXTENSIONS = YES;
				CLANG_ANALYZER_NONNULL = YES;
				CLANG_ANALYZER_NUMBER_OBJECT_CONVERSION = YES_AGGRESSIVE;
				CLANG_CXX_LANGUAGE_STANDARD = "gnu++20";
				CLANG_ENABLE_MODULES = YES;
				CLANG_ENABLE_OBJC_ARC = YES;
				CLANG_ENABLE_OBJC_WEAK = YES;
				CLANG_WARN_BLOCK_CAPTURE_AUTORELEASING = YES;
				CLANG_WARN_BOOL_CONVERSION = YES;
				CLANG_WARN_COMMA = YES;
				CLANG_WARN_CONSTANT_CONVERSION = YES;
				CLANG_WARN_DEPRECATED_OBJC_IMPLEMENTATIONS = YES;
				CLANG_WARN_DIRECT_OBJC_ISA_USAGE = YES_ERROR;
				CLANG_WARN_DOCUMENTATION_COMMENTS = YES;
				CLANG_WARN_EMPTY_BODY = YES;
				CLANG_WARN_ENUM_CONVERSION = YES;
				CLANG_WARN_INFINITE_RECURSION = YES;
				CLANG_WARN_INT_CONVERSION = YES;
				CLANG_WARN_NON_LITERAL_NULL_CONVERSION = YES;
				CLANG_WARN_OBJC_IMPLICIT_RETAIN_SELF = YES;
				CLANG_WARN_OBJC_LITERAL_CONVERSION = YES;
				CLANG_WARN_OBJC_ROOT_CLASS = YES_ERROR;
				CLANG_WARN_QUOTED_INCLUDE_IN_FRAMEWORK_HEADER = YES;
				CLANG_WARN_RANGE_LOOP_ANALYSIS = YES;
				CLANG_WARN_STRICT_PROTOTYPES = YES;
				CLANG_WARN_SUSPICIOUS_MOVE = YES;
				CLANG_WARN_UNGUARDED_AVAILABILITY = YES_AGGRESSIVE;
				CLANG_WARN_UNREACHABLE_CODE = YES;
				CLANG_WARN__DUPLICATE_METHOD_MATCH = YES;
				COPY_PHASE_STRIP = NO;
				DEBUG_INFORMATION_FORMAT = dwarf;
				ENABLE_STRICT_OBJC_MSGSEND = YES;
				ENABLE_TESTABILITY = YES;
				ENABLE_USER_SCRIPT_SANDBOXING = YES;
				GCC_C_LANGUAGE_STANDARD = gnu17;
				GCC_DYNAMIC_NO_PIC = NO;
				GCC_NO_COMMON_BLOCKS = YES;
				GCC_OPTIMIZATION_LEVEL = 0;
				GCC_PREPROCESSOR_DEFINITIONS = (
					"DEBUG=1",
					"$(inherited)",
				);
				GCC_WARN_64_TO_32_BIT_CONVERSION = YES;
				GCC_WARN_ABOUT_RETURN_TYPE = YES_ERROR;
				GCC_WARN_UNDECLARED_SELECTOR = YES;
				GCC_WARN_UNINITIALIZED_AUTOS = YES_AGGRESSIVE;
				GCC_WARN_UNUSED_FUNCTION = YES;
				GCC_WARN_UNUSED_VARIABLE = YES;
				IPHONEOS_DEPLOYMENT_TARGET = 15.0;
				LOCALIZATION_PREFERS_STRING_CATALOGS = YES;
				MTL_ENABLE_DEBUG_INFO = INCLUDE_SOURCE;
				MTL_FAST_MATH = YES;
				ONLY_ACTIVE_ARCH = YES;
				SDKROOT = iphoneos;
				SWIFT_ACTIVE_COMPILATION_CONDITIONS = "DEBUG $(inherited)";
				SWIFT_OPTIMIZATION_LEVEL = "-Onone";
			};
			name = Debug;
		};
		542A02342C1B534C00F8BE47 /* Release */ = {
			isa = XCBuildConfiguration;
			buildSettings = {
				ALWAYS_SEARCH_USER_PATHS = NO;
				ASSETCATALOG_COMPILER_GENERATE_SWIFT_ASSET_SYMBOL_EXTENSIONS = YES;
				CLANG_ANALYZER_NONNULL = YES;
				CLANG_ANALYZER_NUMBER_OBJECT_CONVERSION = YES_AGGRESSIVE;
				CLANG_CXX_LANGUAGE_STANDARD = "gnu++20";
				CLANG_ENABLE_MODULES = YES;
				CLANG_ENABLE_OBJC_ARC = YES;
				CLANG_ENABLE_OBJC_WEAK = YES;
				CLANG_WARN_BLOCK_CAPTURE_AUTORELEASING = YES;
				CLANG_WARN_BOOL_CONVERSION = YES;
				CLANG_WARN_COMMA = YES;
				CLANG_WARN_CONSTANT_CONVERSION = YES;
				CLANG_WARN_DEPRECATED_OBJC_IMPLEMENTATIONS = YES;
				CLANG_WARN_DIRECT_OBJC_ISA_USAGE = YES_ERROR;
				CLANG_WARN_DOCUMENTATION_COMMENTS = YES;
				CLANG_WARN_EMPTY_BODY = YES;
				CLANG_WARN_ENUM_CONVERSION = YES;
				CLANG_WARN_INFINITE_RECURSION = YES;
				CLANG_WARN_INT_CONVERSION = YES;
				CLANG_WARN_NON_LITERAL_NULL_CONVERSION = YES;
				CLANG_WARN_OBJC_IMPLICIT_RETAIN_SELF = YES;
				CLANG_WARN_OBJC_LITERAL_CONVERSION = YES;
				CLANG_WARN_OBJC_ROOT_CLASS = YES_ERROR;
				CLANG_WARN_QUOTED_INCLUDE_IN_FRAMEWORK_HEADER = YES;
				CLANG_WARN_RANGE_LOOP_ANALYSIS = YES;
				CLANG_WARN_STRICT_PROTOTYPES = YES;
				CLANG_WARN_SUSPICIOUS_MOVE = YES;
				CLANG_WARN_UNGUARDED_AVAILABILITY = YES_AGGRESSIVE;
				CLANG_WARN_UNREACHABLE_CODE = YES;
				CLANG_WARN__DUPLICATE_METHOD_MATCH = YES;
				COPY_PHASE_STRIP = NO;
				DEBUG_INFORMATION_FORMAT = "dwarf-with-dsym";
				ENABLE_NS_ASSERTIONS = NO;
				ENABLE_STRICT_OBJC_MSGSEND = YES;
				ENABLE_USER_SCRIPT_SANDBOXING = YES;
				GCC_C_LANGUAGE_STANDARD = gnu17;
				GCC_NO_COMMON_BLOCKS = YES;
				GCC_WARN_64_TO_32_BIT_CONVERSION = YES;
				GCC_WARN_ABOUT_RETURN_TYPE = YES_ERROR;
				GCC_WARN_UNDECLARED_SELECTOR = YES;
				GCC_WARN_UNINITIALIZED_AUTOS = YES_AGGRESSIVE;
				GCC_WARN_UNUSED_FUNCTION = YES;
				GCC_WARN_UNUSED_VARIABLE = YES;
				IPHONEOS_DEPLOYMENT_TARGET = 15.0;
				LOCALIZATION_PREFERS_STRING_CATALOGS = YES;
				MTL_ENABLE_DEBUG_INFO = NO;
				MTL_FAST_MATH = YES;
				SDKROOT = iphoneos;
				SWIFT_COMPILATION_MODE = wholemodule;
				VALIDATE_PRODUCT = YES;
			};
			name = Release;
		};
		542A02362C1B534C00F8BE47 /* Debug */ = {
			isa = XCBuildConfiguration;
			buildSettings = {
				ASSETCATALOG_COMPILER_APPICON_NAME = AppIcon;
				ASSETCATALOG_COMPILER_GLOBAL_ACCENT_COLOR_NAME = AccentColor;
				CODE_SIGN_STYLE = Automatic;
				CURRENT_PROJECT_VERSION = 1;
				DEVELOPMENT_TEAM = 82M3Y9RKT2;
				GENERATE_INFOPLIST_FILE = YES;
				INFOPLIST_FILE = MeaningOut/Info.plist;
				INFOPLIST_KEY_UIApplicationSupportsIndirectInputEvents = YES;
				INFOPLIST_KEY_UILaunchStoryboardName = LaunchScreen;
				INFOPLIST_KEY_UISupportedInterfaceOrientations = UIInterfaceOrientationPortrait;
				INFOPLIST_KEY_UISupportedInterfaceOrientations_iPad = UIInterfaceOrientationPortrait;
				IPHONEOS_DEPLOYMENT_TARGET = 15.0;
				LD_RUNPATH_SEARCH_PATHS = (
					"$(inherited)",
					"@executable_path/Frameworks",
				);
				MARKETING_VERSION = 1.0;
				PRODUCT_BUNDLE_IDENTIFIER = com.lcho3878.MeaningOut;
				PRODUCT_NAME = "$(TARGET_NAME)";
				SUPPORTED_PLATFORMS = "iphoneos iphonesimulator";
				SUPPORTS_MACCATALYST = NO;
				SUPPORTS_MAC_DESIGNED_FOR_IPHONE_IPAD = NO;
				SUPPORTS_XR_DESIGNED_FOR_IPHONE_IPAD = NO;
				SWIFT_EMIT_LOC_STRINGS = YES;
				SWIFT_VERSION = 5.0;
				TARGETED_DEVICE_FAMILY = 1;
			};
			name = Debug;
		};
		542A02372C1B534C00F8BE47 /* Release */ = {
			isa = XCBuildConfiguration;
			buildSettings = {
				ASSETCATALOG_COMPILER_APPICON_NAME = AppIcon;
				ASSETCATALOG_COMPILER_GLOBAL_ACCENT_COLOR_NAME = AccentColor;
				CODE_SIGN_STYLE = Automatic;
				CURRENT_PROJECT_VERSION = 1;
				DEVELOPMENT_TEAM = 82M3Y9RKT2;
				GENERATE_INFOPLIST_FILE = YES;
				INFOPLIST_FILE = MeaningOut/Info.plist;
				INFOPLIST_KEY_UIApplicationSupportsIndirectInputEvents = YES;
				INFOPLIST_KEY_UILaunchStoryboardName = LaunchScreen;
				INFOPLIST_KEY_UISupportedInterfaceOrientations = UIInterfaceOrientationPortrait;
				INFOPLIST_KEY_UISupportedInterfaceOrientations_iPad = UIInterfaceOrientationPortrait;
				IPHONEOS_DEPLOYMENT_TARGET = 15.0;
				LD_RUNPATH_SEARCH_PATHS = (
					"$(inherited)",
					"@executable_path/Frameworks",
				);
				MARKETING_VERSION = 1.0;
				PRODUCT_BUNDLE_IDENTIFIER = com.lcho3878.MeaningOut;
				PRODUCT_NAME = "$(TARGET_NAME)";
				SUPPORTED_PLATFORMS = "iphoneos iphonesimulator";
				SUPPORTS_MACCATALYST = NO;
				SUPPORTS_MAC_DESIGNED_FOR_IPHONE_IPAD = NO;
				SUPPORTS_XR_DESIGNED_FOR_IPHONE_IPAD = NO;
				SWIFT_EMIT_LOC_STRINGS = YES;
				SWIFT_VERSION = 5.0;
				TARGETED_DEVICE_FAMILY = 1;
			};
			name = Release;
		};
/* End XCBuildConfiguration section */

/* Begin XCConfigurationList section */
		542A021C2C1B534A00F8BE47 /* Build configuration list for PBXProject "MeaningOut" */ = {
			isa = XCConfigurationList;
			buildConfigurations = (
				542A02332C1B534C00F8BE47 /* Debug */,
				542A02342C1B534C00F8BE47 /* Release */,
			);
			defaultConfigurationIsVisible = 0;
			defaultConfigurationName = Release;
		};
		542A02352C1B534C00F8BE47 /* Build configuration list for PBXNativeTarget "MeaningOut" */ = {
			isa = XCConfigurationList;
			buildConfigurations = (
				542A02362C1B534C00F8BE47 /* Debug */,
				542A02372C1B534C00F8BE47 /* Release */,
			);
			defaultConfigurationIsVisible = 0;
			defaultConfigurationName = Release;
		};
/* End XCConfigurationList section */

/* Begin XCRemoteSwiftPackageReference section */
		542A02422C1B58FE00F8BE47 /* XCRemoteSwiftPackageReference "Kingfisher" */ = {
			isa = XCRemoteSwiftPackageReference;
			repositoryURL = "https://github.com/onevcat/Kingfisher";
			requirement = {
				kind = upToNextMajorVersion;
				minimumVersion = 7.12.0;
			};
		};
		542A02452C1B590500F8BE47 /* XCRemoteSwiftPackageReference "Alamofire" */ = {
			isa = XCRemoteSwiftPackageReference;
			repositoryURL = "https://github.com/Alamofire/Alamofire.git";
			requirement = {
				kind = upToNextMajorVersion;
				minimumVersion = 5.9.1;
			};
		};
		542A02482C1B590D00F8BE47 /* XCRemoteSwiftPackageReference "SnapKit" */ = {
			isa = XCRemoteSwiftPackageReference;
			repositoryURL = "https://github.com/SnapKit/SnapKit";
			requirement = {
				kind = upToNextMajorVersion;
				minimumVersion = 5.7.1;
			};
		};
/* End XCRemoteSwiftPackageReference section */

/* Begin XCSwiftPackageProductDependency section */
		542A02432C1B58FE00F8BE47 /* Kingfisher */ = {
			isa = XCSwiftPackageProductDependency;
			package = 542A02422C1B58FE00F8BE47 /* XCRemoteSwiftPackageReference "Kingfisher" */;
			productName = Kingfisher;
		};
		542A02462C1B590500F8BE47 /* Alamofire */ = {
			isa = XCSwiftPackageProductDependency;
			package = 542A02452C1B590500F8BE47 /* XCRemoteSwiftPackageReference "Alamofire" */;
			productName = Alamofire;
		};
		542A02492C1B590D00F8BE47 /* SnapKit */ = {
			isa = XCSwiftPackageProductDependency;
			package = 542A02482C1B590D00F8BE47 /* XCRemoteSwiftPackageReference "SnapKit" */;
			productName = SnapKit;
		};
/* End XCSwiftPackageProductDependency section */
	};
	rootObject = 542A02192C1B534A00F8BE47 /* Project object */;
}
